{
  "name": "@brycemarshall/scroll-listener",
  "version": "2.0.0",
  "lockfileVersion": 1,
  "dependencies": {
    "@brycemarshall/event-throttle": {
      "version": "1.0.2",
      "resolved": "https://registry.npmjs.org/@brycemarshall/event-throttle/-/event-throttle-1.0.0.tgz",
      "integrity": "sha1-F6RHKrlZGwlunfbTd7EoqZJZAKU="
    }
  }
}
