{
  "name": "@brycemarshall/scroll-listener-test",
  "version": "1.0.0",
  "lockfileVersion": 1,
  "dependencies": {
    "@brycemarshall/event-throttle": {
      "version": "1.0.2",
      "resolved": "https://registry.npmjs.org/@brycemarshall/event-throttle/-/event-throttle-1.0.2.tgz",
      "integrity": "sha512-pRmBXHnZkxBECByiZkLjPQ524R3uOvk/29CNOlMACx52jzwTiXJnsaynXsmV2Sdyv18BYsg8y6tK31TIuDyMmg=="
    },
    "@brycemarshall/string-format": {
      "version": "1.0.1",
      "resolved": "https://registry.npmjs.org/@brycemarshall/string-format/-/string-format-1.0.1.tgz",
      "integrity": "sha1-SRtt1IM0SKYkkIQFauOPwohHvys="
    }
  }
}
